
Microsoft Visual Studio Solution File, Format Version 12.00
# Visual Studio Version 17
VisualStudioVersion = 17.5.33414.496
MinimumVisualStudioVersion = 10.0.40219.1
Project("{FAE04EC0-301F-11D3-BF4B-00C04F79EFBC}") = "B04Arrays", "B04Arrays\B04Arrays.csproj", "{1D3F6B42-6A45-4C10-9DC9-6202C7474DA7}"
EndProject
Project("{FAE04EC0-301F-11D3-BF4B-00C04F79EFBC}") = "B05Ex_Arrays", "B05Ex_Arrays\B05Ex_Arrays.csproj", "{76886A77-1FD4-4161-AB5E-F445EAE99E02}"
EndProject
Project("{FAE04EC0-301F-11D3-BF4B-00C04F79EFBC}") = "B06ArrayAndStringConversions", "B06ArrayAndStringConversions\B06ArrayAndStringConversions.csproj", "{51E95789-62EA-4F6D-BB84-1B2C10C75A18}"
EndProject
Project("{FAE04EC0-301F-11D3-BF4B-00C04F79EFBC}") = "B07Lists", "B07Lists\B07Lists.csproj", "{2D32193D-E427-4D43-A627-D5BF1A2F84BD}"
EndProject
Project("{FAE04EC0-301F-11D3-BF4B-00C04F79EFBC}") = "B08Ex_Lists", "B08Ex_Lists\B08Ex_Lists.csproj", "{EA800840-591C-4B63-8BAA-7662F79AC6A1}"
EndProject
Project("{FAE04EC0-301F-11D3-BF4B-00C04F79EFBC}") = "B09Ex_VolleyballPlayers", "B09Ex_VolleyballPlayers\B09Ex_VolleyballPlayers.csproj", "{86680417-F724-40C7-B1D2-3DE3BF3F4EDC}"
EndProject
Global
	GlobalSection(SolutionConfigurationPlatforms) = preSolution
		Debug|Any CPU = Debug|Any CPU
		Release|Any CPU = Release|Any CPU
	EndGlobalSection
	GlobalSection(ProjectConfigurationPlatforms) = postSolution
		{1D3F6B42-6A45-4C10-9DC9-6202C7474DA7}.Debug|Any CPU.ActiveCfg = Debug|Any CPU
		{1D3F6B42-6A45-4C10-9DC9-6202C7474DA7}.Debug|Any CPU.Build.0 = Debug|Any CPU
		{1D3F6B42-6A45-4C10-9DC9-6202C7474DA7}.Release|Any CPU.ActiveCfg = Release|Any CPU
		{1D3F6B42-6A45-4C10-9DC9-6202C7474DA7}.Release|Any CPU.Build.0 = Release|Any CPU
		{76886A77-1FD4-4161-AB5E-F445EAE99E02}.Debug|Any CPU.ActiveCfg = Debug|Any CPU
		{76886A77-1FD4-4161-AB5E-F445EAE99E02}.Debug|Any CPU.Build.0 = Debug|Any CPU
		{76886A77-1FD4-4161-AB5E-F445EAE99E02}.Release|Any CPU.ActiveCfg = Release|Any CPU
		{76886A77-1FD4-4161-AB5E-F445EAE99E02}.Release|Any CPU.Build.0 = Release|Any CPU
		{51E95789-62EA-4F6D-BB84-1B2C10C75A18}.Debug|Any CPU.ActiveCfg = Debug|Any CPU
		{51E95789-62EA-4F6D-BB84-1B2C10C75A18}.Debug|Any CPU.Build.0 = Debug|Any CPU
		{51E95789-62EA-4F6D-BB84-1B2C10C75A18}.Release|Any CPU.ActiveCfg = Release|Any CPU
		{51E95789-62EA-4F6D-BB84-1B2C10C75A18}.Release|Any CPU.Build.0 = Release|Any CPU
		{2D32193D-E427-4D43-A627-D5BF1A2F84BD}.Debug|Any CPU.ActiveCfg = Debug|Any CPU
		{2D32193D-E427-4D43-A627-D5BF1A2F84BD}.Debug|Any CPU.Build.0 = Debug|Any CPU
		{2D32193D-E427-4D43-A627-D5BF1A2F84BD}.Release|Any CPU.ActiveCfg = Release|Any CPU
		{2D32193D-E427-4D43-A627-D5BF1A2F84BD}.Release|Any CPU.Build.0 = Release|Any CPU
		{EA800840-591C-4B63-8BAA-7662F79AC6A1}.Debug|Any CPU.ActiveCfg = Debug|Any CPU
		{EA800840-591C-4B63-8BAA-7662F79AC6A1}.Debug|Any CPU.Build.0 = Debug|Any CPU
		{EA800840-591C-4B63-8BAA-7662F79AC6A1}.Release|Any CPU.ActiveCfg = Release|Any CPU
		{EA800840-591C-4B63-8BAA-7662F79AC6A1}.Release|Any CPU.Build.0 = Release|Any CPU
		{86680417-F724-40C7-B1D2-3DE3BF3F4EDC}.Debug|Any CPU.ActiveCfg = Debug|Any CPU
		{86680417-F724-40C7-B1D2-3DE3BF3F4EDC}.Debug|Any CPU.Build.0 = Debug|Any CPU
		{86680417-F724-40C7-B1D2-3DE3BF3F4EDC}.Release|Any CPU.ActiveCfg = Release|Any CPU
		{86680417-F724-40C7-B1D2-3DE3BF3F4EDC}.Release|Any CPU.Build.0 = Release|Any CPU
	EndGlobalSection
	GlobalSection(SolutionProperties) = preSolution
		HideSolutionNode = FALSE
	EndGlobalSection
	GlobalSection(ExtensibilityGlobals) = postSolution
		SolutionGuid = {7F3F83DD-D592-4230-9F2E-ACA633D102AA}
	EndGlobalSection
EndGlobal
